
Microsoft Visual Studio Solution File, Format Version 12.00
# Visual Studio Version 17
VisualStudioVersion = 17.3.32825.248
MinimumVisualStudioVersion = 10.0.40219.1
Project("{2150E333-8FDC-42A3-9474-1A3956D46DE8}") = "0 - presentation", "0 - presentation", "{AE87791C-DF27-4F86-BE63-1D3BA5BEC1AB}"
EndProject
Project("{2150E333-8FDC-42A3-9474-1A3956D46DE8}") = "1 - Application", "1 - Application", "{C7D3B5F4-735A-478B-917E-9D1333FCDE7A}"
EndProject
Project("{2150E333-8FDC-42A3-9474-1A3956D46DE8}") = "services", "services", "{6E21A8AA-335D-4A57-B531-923B715EE57D}"
EndProject
Project("{2150E333-8FDC-42A3-9474-1A3956D46DE8}") = "2 - Domain", "2 - Domain", "{A86DCF5A-A560-47C8-BA07-63D68E81098D}"
EndProject
Project("{2150E333-8FDC-42A3-9474-1A3956D46DE8}") = "3 - Infrastructure", "3 - Infrastructure", "{B5793FBD-BD01-423D-A5F8-A35A35EF582C}"
EndProject
Project("{2150E333-8FDC-42A3-9474-1A3956D46DE8}") = "4 - Tests", "4 - Tests", "{02223AC4-C294-4395-8332-7F2C8506A1C7}"
EndProject
Project("{2150E333-8FDC-42A3-9474-1A3956D46DE8}") = "web-app", "web-app", "{AEF90E81-51F7-4DA3-A96A-70D94C0883CC}"
EndProject
Project("{9A19103F-16F7-4668-BE54-9A1E7A4F7556}") = "CarShop.Domain", "CarShop.Domain\CarShop.Domain.csproj", "{0895D70F-78DF-4790-98A9-1F02594CD208}"
EndProject
Project("{2150E333-8FDC-42A3-9474-1A3956D46DE8}") = "SharedLibraries", "SharedLibraries", "{4283138D-5566-4EBB-9970-A9953768CE2B}"
EndProject
Project("{9A19103F-16F7-4668-BE54-9A1E7A4F7556}") = "CharShop.Shared", "CharShop.Shared\CharShop.Shared.csproj", "{6A28EAD7-434F-46DD-9FBC-3D6D4AF4AD24}"
EndProject
Project("{9A19103F-16F7-4668-BE54-9A1E7A4F7556}") = "CarShop.Infra.Data", "CarShop.Infra.Repository\CarShop.Infra.Data.csproj", "{CA068214-0CF4-4815-BE6C-A6F5000F3864}"
EndProject
Project("{FAE04EC0-301F-11D3-BF4B-00C04F79EFBC}") = "CarShop.Infra.Ioc", "CarShop.Infra.Ioc\CarShop.Infra.Ioc.csproj", "{8B725116-ACEB-4202-B0EC-1E12197221DD}"
EndProject
Project("{FAE04EC0-301F-11D3-BF4B-00C04F79EFBC}") = "CarShop.Application", "CarShop.Application\CarShop.Application.csproj", "{D18B3E49-764F-4CB8-AE25-26CF724CCF64}"
EndProject
Project("{FAE04EC0-301F-11D3-BF4B-00C04F79EFBC}") = "CarShop.Api", "CarShop.Api\CarShop.Api.csproj", "{46803490-61F4-4925-8B0F-01BF444515E4}"
EndProject
Project("{FAE04EC0-301F-11D3-BF4B-00C04F79EFBC}") = "CarShop.Web", "CarShop.Web\CarShop.Web.csproj", "{F4BE6750-231A-483C-B78E-155EE05BB05C}"
EndProject
Global
	GlobalSection(SolutionConfigurationPlatforms) = preSolution
		Debug|Any CPU = Debug|Any CPU
		Release|Any CPU = Release|Any CPU
	EndGlobalSection
	GlobalSection(ProjectConfigurationPlatforms) = postSolution
		{0895D70F-78DF-4790-98A9-1F02594CD208}.Debug|Any CPU.ActiveCfg = Debug|Any CPU
		{0895D70F-78DF-4790-98A9-1F02594CD208}.Debug|Any CPU.Build.0 = Debug|Any CPU
		{0895D70F-78DF-4790-98A9-1F02594CD208}.Release|Any CPU.ActiveCfg = Release|Any CPU
		{0895D70F-78DF-4790-98A9-1F02594CD208}.Release|Any CPU.Build.0 = Release|Any CPU
		{6A28EAD7-434F-46DD-9FBC-3D6D4AF4AD24}.Debug|Any CPU.ActiveCfg = Debug|Any CPU
		{6A28EAD7-434F-46DD-9FBC-3D6D4AF4AD24}.Debug|Any CPU.Build.0 = Debug|Any CPU
		{6A28EAD7-434F-46DD-9FBC-3D6D4AF4AD24}.Release|Any CPU.ActiveCfg = Release|Any CPU
		{6A28EAD7-434F-46DD-9FBC-3D6D4AF4AD24}.Release|Any CPU.Build.0 = Release|Any CPU
		{CA068214-0CF4-4815-BE6C-A6F5000F3864}.Debug|Any CPU.ActiveCfg = Debug|Any CPU
		{CA068214-0CF4-4815-BE6C-A6F5000F3864}.Debug|Any CPU.Build.0 = Debug|Any CPU
		{CA068214-0CF4-4815-BE6C-A6F5000F3864}.Release|Any CPU.ActiveCfg = Release|Any CPU
		{CA068214-0CF4-4815-BE6C-A6F5000F3864}.Release|Any CPU.Build.0 = Release|Any CPU
		{8B725116-ACEB-4202-B0EC-1E12197221DD}.Debug|Any CPU.ActiveCfg = Debug|Any CPU
		{8B725116-ACEB-4202-B0EC-1E12197221DD}.Debug|Any CPU.Build.0 = Debug|Any CPU
		{8B725116-ACEB-4202-B0EC-1E12197221DD}.Release|Any CPU.ActiveCfg = Release|Any CPU
		{8B725116-ACEB-4202-B0EC-1E12197221DD}.Release|Any CPU.Build.0 = Release|Any CPU
		{D18B3E49-764F-4CB8-AE25-26CF724CCF64}.Debug|Any CPU.ActiveCfg = Debug|Any CPU
		{D18B3E49-764F-4CB8-AE25-26CF724CCF64}.Debug|Any CPU.Build.0 = Debug|Any CPU
		{D18B3E49-764F-4CB8-AE25-26CF724CCF64}.Release|Any CPU.ActiveCfg = Release|Any CPU
		{D18B3E49-764F-4CB8-AE25-26CF724CCF64}.Release|Any CPU.Build.0 = Release|Any CPU
		{46803490-61F4-4925-8B0F-01BF444515E4}.Debug|Any CPU.ActiveCfg = Debug|Any CPU
		{46803490-61F4-4925-8B0F-01BF444515E4}.Debug|Any CPU.Build.0 = Debug|Any CPU
		{46803490-61F4-4925-8B0F-01BF444515E4}.Release|Any CPU.ActiveCfg = Release|Any CPU
		{46803490-61F4-4925-8B0F-01BF444515E4}.Release|Any CPU.Build.0 = Release|Any CPU
		{F4BE6750-231A-483C-B78E-155EE05BB05C}.Debug|Any CPU.ActiveCfg = Debug|Any CPU
		{F4BE6750-231A-483C-B78E-155EE05BB05C}.Debug|Any CPU.Build.0 = Debug|Any CPU
		{F4BE6750-231A-483C-B78E-155EE05BB05C}.Release|Any CPU.ActiveCfg = Release|Any CPU
		{F4BE6750-231A-483C-B78E-155EE05BB05C}.Release|Any CPU.Build.0 = Release|Any CPU
	EndGlobalSection
	GlobalSection(SolutionProperties) = preSolution
		HideSolutionNode = FALSE
	EndGlobalSection
	GlobalSection(NestedProjects) = preSolution
		{AE87791C-DF27-4F86-BE63-1D3BA5BEC1AB} = {6E21A8AA-335D-4A57-B531-923B715EE57D}
		{C7D3B5F4-735A-478B-917E-9D1333FCDE7A} = {6E21A8AA-335D-4A57-B531-923B715EE57D}
		{A86DCF5A-A560-47C8-BA07-63D68E81098D} = {6E21A8AA-335D-4A57-B531-923B715EE57D}
		{B5793FBD-BD01-423D-A5F8-A35A35EF582C} = {6E21A8AA-335D-4A57-B531-923B715EE57D}
		{02223AC4-C294-4395-8332-7F2C8506A1C7} = {6E21A8AA-335D-4A57-B531-923B715EE57D}
		{0895D70F-78DF-4790-98A9-1F02594CD208} = {A86DCF5A-A560-47C8-BA07-63D68E81098D}
		{6A28EAD7-434F-46DD-9FBC-3D6D4AF4AD24} = {4283138D-5566-4EBB-9970-A9953768CE2B}
		{CA068214-0CF4-4815-BE6C-A6F5000F3864} = {B5793FBD-BD01-423D-A5F8-A35A35EF582C}
		{8B725116-ACEB-4202-B0EC-1E12197221DD} = {B5793FBD-BD01-423D-A5F8-A35A35EF582C}
		{D18B3E49-764F-4CB8-AE25-26CF724CCF64} = {C7D3B5F4-735A-478B-917E-9D1333FCDE7A}
		{46803490-61F4-4925-8B0F-01BF444515E4} = {AE87791C-DF27-4F86-BE63-1D3BA5BEC1AB}
		{F4BE6750-231A-483C-B78E-155EE05BB05C} = {AEF90E81-51F7-4DA3-A96A-70D94C0883CC}
	EndGlobalSection
	GlobalSection(ExtensibilityGlobals) = postSolution
		SolutionGuid = {48198B62-7791-425B-BC32-D43CA524D716}
	EndGlobalSection
EndGlobal
